// !$*UTF8*$!
{
	archiveVersion = 1;
	classes = {
	};
	objectVersion = 46;
	objects = {

/* Begin PBXBuildFile section */
		9618F2E71A152007000F3951 /* AppDelegate.swift in Sources */ = {isa = PBXBuildFile; fileRef = 9618F2E61A152007000F3951 /* AppDelegate.swift */; };
		9618F2E91A152007000F3951 /* ViewController.swift in Sources */ = {isa = PBXBuildFile; fileRef = 9618F2E81A152007000F3951 /* ViewController.swift */; };
		9618F2EC1A152007000F3951 /* Main.storyboard in Resources */ = {isa = PBXBuildFile; fileRef = 9618F2EA1A152007000F3951 /* Main.storyboard */; };
		9618F2EE1A152007000F3951 /* Images.xcassets in Resources */ = {isa = PBXBuildFile; fileRef = 9618F2ED1A152007000F3951 /* Images.xcassets */; };
		9618F2F11A152007000F3951 /* LaunchScreen.xib in Resources */ = {isa = PBXBuildFile; fileRef = 9618F2EF1A152007000F3951 /* LaunchScreen.xib */; };
		9618F2FD1A152007000F3951 /* SlotMachineTests.swift in Sources */ = {isa = PBXBuildFile; fileRef = 9618F2FC1A152007000F3951 /* SlotMachineTests.swift */; };
		968E2A271A3F542400B133B7 /* Slot.swift in Sources */ = {isa = PBXBuildFile; fileRef = 968E2A261A3F542400B133B7 /* Slot.swift */; };
		968E2A781A3F559D00B133B7 /* Factory.swift in Sources */ = {isa = PBXBuildFile; fileRef = 968E2A771A3F559D00B133B7 /* Factory.swift */; };
		96CD6F9B1A66E2A500285414 /* SlotBrain.swift in Sources */ = {isa = PBXBuildFile; fileRef = 96CD6F9A1A66E2A500285414 /* SlotBrain.swift */; };
/* End PBXBuildFile section */

/* Begin PBXContainerItemProxy section */
		9618F2F71A152007000F3951 /* PBXContainerItemProxy */ = {
			isa = PBXContainerItemProxy;
			containerPortal = 9618F2D91A152007000F3951 /* Project object */;
			proxyType = 1;
			remoteGlobalIDString = 9618F2E01A152007000F3951;
			remoteInfo = SlotMachine;
		};
/* End PBXContainerItemProxy section */

/* Begin PBXFileReference section */
		9618F2E11A152007000F3951 /* SlotMachine.app */ = {isa = PBXFileReference; explicitFileType = wrapper.application; includeInIndex = 0; path = SlotMachine.app; sourceTree = BUILT_PRODUCTS_DIR; };
		9618F2E51A152007000F3951 /* Info.plist */ = {isa = PBXFileReference; lastKnownFileType = text.plist.xml; path = Info.plist; sourceTree = "<group>"; };
		9618F2E61A152007000F3951 /* AppDelegate.swift */ = {isa = PBXFileReference; lastKnownFileType = sourcecode.swift; path = AppDelegate.swift; sourceTree = "<group>"; };
		9618F2E81A152007000F3951 /* ViewController.swift */ = {isa = PBXFileReference; lastKnownFileType = sourcecode.swift; path = ViewController.swift; sourceTree = "<group>"; };
		9618F2EB1A152007000F3951 /* Base */ = {isa = PBXFileReference; lastKnownFileType = file.storyboard; name = Base; path = Base.lproj/Main.storyboard; sourceTree = "<group>"; };
		9618F2ED1A152007000F3951 /* Images.xcassets */ = {isa = PBXFileReference; lastKnownFileType = folder.assetcatalog; path = Images.xcassets; sourceTree = "<group>"; };
		9618F2F01A152007000F3951 /* Base */ = {isa = PBXFileReference; lastKnownFileType = file.xib; name = Base; path = Base.lproj/LaunchScreen.xib; sourceTree = "<group>"; };
		9618F2F61A152007000F3951 /* SlotMachineTests.xctest */ = {isa = PBXFileReference; explicitFileType = wrapper.cfbundle; includeInIndex = 0; path = SlotMachineTests.xctest; sourceTree = BUILT_PRODUCTS_DIR; };
		9618F2FB1A152007000F3951 /* Info.plist */ = {isa = PBXFileReference; lastKnownFileType = text.plist.xml; path = Info.plist; sourceTree = "<group>"; };
		9618F2FC1A152007000F3951 /* SlotMachineTests.swift */ = {isa = PBXFileReference; lastKnownFileType = sourcecode.swift; path = SlotMachineTests.swift; sourceTree = "<group>"; };
		968E2A261A3F542400B133B7 /* Slot.swift */ = {isa = PBXFileReference; fileEncoding = 4; lastKnownFileType = sourcecode.swift; path = Slot.swift; sourceTree = "<group>"; };
		968E2A771A3F559D00B133B7 /* Factory.swift */ = {isa = PBXFileReference; fileEncoding = 4; lastKnownFileType = sourcecode.swift; path = Factory.swift; sourceTree = "<group>"; };
		96CD6F9A1A66E2A500285414 /* SlotBrain.swift */ = {isa = PBXFileReference; fileEncoding = 4; lastKnownFileType = sourcecode.swift; path = SlotBrain.swift; sourceTree = "<group>"; };
/* End PBXFileReference section */

/* Begin PBXFrameworksBuildPhase section */
		9618F2DE1A152007000F3951 /* Frameworks */ = {
			isa = PBXFrameworksBuildPhase;
			buildActionMask = 2147483647;
			files = (
			);
			runOnlyForDeploymentPostprocessing = 0;
		};
		9618F2F31A152007000F3951 /* Frameworks */ = {
			isa = PBXFrameworksBuildPhase;
			buildActionMask = 2147483647;
			files = (
			);
			runOnlyForDeploymentPostprocessing = 0;
		};
/* End PBXFrameworksBuildPhase section */

/* Begin PBXGroup section */
		9618F2D81A152007000F3951 = {
			isa = PBXGroup;
			children = (
				968E2A771A3F559D00B133B7 /* Factory.swift */,
				9618F2E31A152007000F3951 /* SlotMachine */,
				9618F2F91A152007000F3951 /* SlotMachineTests */,
				9618F2E21A152007000F3951 /* Products */,
			);
			sourceTree = "<group>";
		};
		9618F2E21A152007000F3951 /* Products */ = {
			isa = PBXGroup;
			children = (
				9618F2E11A152007000F3951 /* SlotMachine.app */,
				9618F2F61A152007000F3951 /* SlotMachineTests.xctest */,
			);
			name = Products;
			sourceTree = "<group>";
		};
		9618F2E31A152007000F3951 /* SlotMachine */ = {
			isa = PBXGroup;
			children = (
				9618F2E61A152007000F3951 /* AppDelegate.swift */,
				9618F2E81A152007000F3951 /* ViewController.swift */,
				96CD6F9A1A66E2A500285414 /* SlotBrain.swift */,
				968E2A261A3F542400B133B7 /* Slot.swift */,
				9618F2EA1A152007000F3951 /* Main.storyboard */,
				9618F2ED1A152007000F3951 /* Images.xcassets */,
				9618F2EF1A152007000F3951 /* LaunchScreen.xib */,
				9618F2E41A152007000F3951 /* Supporting Files */,
			);
			path = SlotMachine;
			sourceTree = "<group>";
		};
		9618F2E41A152007000F3951 /* Supporting Files */ = {
			isa = PBXGroup;
			children = (
				9618F2E51A152007000F3951 /* Info.plist */,
			);
			name = "Supporting Files";
			sourceTree = "<group>";
		};
		9618F2F91A152007000F3951 /* SlotMachineTests */ = {
			isa = PBXGroup;
			children = (
				9618F2FC1A152007000F3951 /* SlotMachineTests.swift */,
				9618F2FA1A152007000F3951 /* Supporting Files */,
			);
			path = SlotMachineTests;
			sourceTree = "<group>";
		};
		9618F2FA1A152007000F3951 /* Supporting Files */ = {
			isa = PBXGroup;
			children = (
				9618F2FB1A152007000F3951 /* Info.plist */,
			);
			name = "Supporting Files";
			sourceTree = "<group>";
		};
/* End PBXGroup section */

/* Begin PBXNativeTarget section */
		9618F2E01A152007000F3951 /* SlotMachine */ = {
			isa = PBXNativeTarget;
			buildConfigurationList = 9618F3001A152007000F3951 /* Build configuration list for PBXNativeTarget "SlotMachine" */;
			buildPhases = (
				9618F2DD1A152007000F3951 /* Sources */,
				9618F2DE1A152007000F3951 /* Frameworks */,
				9618F2DF1A152007000F3951 /* Resources */,
			);
			buildRules = (
			);
			dependencies = (
			);
			name = SlotMachine;
			productName = SlotMachine;
			productReference = 9618F2E11A152007000F3951 /* SlotMachine.app */;
			productType = "com.apple.product-type.application";
		};
		9618F2F51A152007000F3951 /* SlotMachineTests */ = {
			isa = PBXNativeTarget;
			buildConfigurationList = 9618F3031A152007000F3951 /* Build configuration list for PBXNativeTarget "SlotMachineTests" */;
			buildPhases = (
				9618F2F21A152007000F3951 /* Sources */,
				9618F2F31A152007000F3951 /* Frameworks */,
				9618F2F41A152007000F3951 /* Resources */,
			);
			buildRules = (
			);
			dependencies = (
				9618F2F81A152007000F3951 /* PBXTargetDependency */,
			);
			name = SlotMachineTests;
			productName = SlotMachineTests;
			productReference = 9618F2F61A152007000F3951 /* SlotMachineTests.xctest */;
			productType = "com.apple.product-type.bundle.unit-test";
		};
/* End PBXNativeTarget section */

/* Begin PBXProject section */
		9618F2D91A152007000F3951 /* Project object */ = {
			isa = PBXProject;
			attributes = {
				LastUpgradeCheck = 0610;
				ORGANIZATIONNAME = "Jim Veneskey";
				TargetAttributes = {
					9618F2E01A152007000F3951 = {
						CreatedOnToolsVersion = 6.1;
					};
					9618F2F51A152007000F3951 = {
						CreatedOnToolsVersion = 6.1;
						TestTargetID = 9618F2E01A152007000F3951;
					};
				};
			};
			buildConfigurationList = 9618F2DC1A152007000F3951 /* Build configuration list for PBXProject "SlotMachine" */;
			compatibilityVersion = "Xcode 3.2";
			developmentRegion = English;
			hasScannedForEncodings = 0;
			knownRegions = (
				en,
				Base,
			);
			mainGroup = 9618F2D81A152007000F3951;
			productRefGroup = 9618F2E21A152007000F3951 /* Products */;
			projectDirPath = "";
			projectRoot = "";
			targets = (
				9618F2E01A152007000F3951 /* SlotMachine */,
				9618F2F51A152007000F3951 /* SlotMachineTests */,
			);
		};
/* End PBXProject section */

/* Begin PBXResourcesBuildPhase section */
		9618F2DF1A152007000F3951 /* Resources */ = {
			isa = PBXResourcesBuildPhase;
			buildActionMask = 2147483647;
			files = (
				9618F2EC1A152007000F3951 /* Main.storyboard in Resources */,
				9618F2F11A152007000F3951 /* LaunchScreen.xib in Resources */,
				9618F2EE1A152007000F3951 /* Images.xcassets in Resources */,
			);
			runOnlyForDeploymentPostprocessing = 0;
		};
		9618F2F41A152007000F3951 /* Resources */ = {
			isa = PBXResourcesBuildPhase;
			buildActionMask = 2147483647;
			files = (
			);
			runOnlyForDeploymentPostprocessing = 0;
		};
/* End PBXResourcesBuildPhase section */

/* Begin PBXSourcesBuildPhase section */
		9618F2DD1A152007000F3951 /* Sources */ = {
			isa = PBXSourcesBuildPhase;
			buildActionMask = 2147483647;
			files = (
				968E2A781A3F559D00B133B7 /* Factory.swift in Sources */,
				9618F2E91A152007000F3951 /* ViewController.swift in Sources */,
				968E2A271A3F542400B133B7 /* Slot.swift in Sources */,
				9618F2E71A152007000F3951 /* AppDelegate.swift in Sources */,
				96CD6F9B1A66E2A500285414 /* SlotBrain.swift in Sources */,
			);
			runOnlyForDeploymentPostprocessing = 0;
		};
		9618F2F21A152007000F3951 /* Sources */ = {
			isa = PBXSourcesBuildPhase;
			buildActionMask = 2147483647;
			files = (
				9618F2FD1A152007000F3951 /* SlotMachineTests.swift in Sources */,
			);
			runOnlyForDeploymentPostprocessing = 0;
		};
/* End PBXSourcesBuildPhase section */

/* Begin PBXTargetDependency section */
		9618F2F81A152007000F3951 /* PBXTargetDependency */ = {
			isa = PBXTargetDependency;
			target = 9618F2E01A152007000F3951 /* SlotMachine */;
			targetProxy = 9618F2F71A152007000F3951 /* PBXContainerItemProxy */;
		};
/* End PBXTargetDependency section */

/* Begin PBXVariantGroup section */
		9618F2EA1A152007000F3951 /* Main.storyboard */ = {
			isa = PBXVariantGroup;
			children = (
				9618F2EB1A152007000F3951 /* Base */,
			);
			name = Main.storyboard;
			sourceTree = "<group>";
		};
		9618F2EF1A152007000F3951 /* LaunchScreen.xib */ = {
			isa = PBXVariantGroup;
			children = (
				9618F2F01A152007000F3951 /* Base */,
			);
			name = LaunchScreen.xib;
			sourceTree = "<group>";
		};
/* End PBXVariantGroup section */

/* Begin XCBuildConfiguration section */
		9618F2FE1A152007000F3951 /* Debug */ = {
			isa = XCBuildConfiguration;
			buildSettings = {
				ALWAYS_SEARCH_USER_PATHS = NO;
				CLANG_CXX_LANGUAGE_STANDARD = "gnu++0x";
				CLANG_CXX_LIBRARY = "libc++";
				CLANG_ENABLE_MODULES = YES;
				CLANG_ENABLE_OBJC_ARC = YES;
				CLANG_WARN_BOOL_CONVERSION = YES;
				CLANG_WARN_CONSTANT_CONVERSION = YES;
				CLANG_WARN_DIRECT_OBJC_ISA_USAGE = YES_ERROR;
				CLANG_WARN_EMPTY_BODY = YES;
				CLANG_WARN_ENUM_CONVERSION = YES;
				CLANG_WARN_INT_CONVERSION = YES;
				CLANG_WARN_OBJC_ROOT_CLASS = YES_ERROR;
				CLANG_WARN_UNREACHABLE_CODE = YES;
				CLANG_WARN__DUPLICATE_METHOD_MATCH = YES;
				"CODE_SIGN_IDENTITY[sdk=iphoneos*]" = "iPhone Developer";
				COPY_PHASE_STRIP = NO;
				ENABLE_STRICT_OBJC_MSGSEND = YES;
				GCC_C_LANGUAGE_STANDARD = gnu99;
				GCC_DYNAMIC_NO_PIC = NO;
				GCC_OPTIMIZATION_LEVEL = 0;
				GCC_PREPROCESSOR_DEFINITIONS = (
					"DEBUG=1",
					"$(inherited)",
				);
				GCC_SYMBOLS_PRIVATE_EXTERN = NO;
				GCC_WARN_64_TO_32_BIT_CONVERSION = YES;
				GCC_WARN_ABOUT_RETURN_TYPE = YES_ERROR;
				GCC_WARN_UNDECLARED_SELECTOR = YES;
				GCC_WARN_UNINITIALIZED_AUTOS = YES_AGGRESSIVE;
				GCC_WARN_UNUSED_FUNCTION = YES;
				GCC_WARN_UNUSED_VARIABLE = YES;
				IPHONEOS_DEPLOYMENT_TARGET = 8.1;
				MTL_ENABLE_DEBUG_INFO = YES;
				ONLY_ACTIVE_ARCH = YES;
				SDKROOT = iphoneos;
				SWIFT_OPTIMIZATION_LEVEL = "-Onone";
				TARGETED_DEVICE_FAMILY = "1,2";
			};
			name = Debug;
		};
		9618F2FF1A152007000F3951 /* Release */ = {
			isa = XCBuildConfiguration;
			buildSettings = {
				ALWAYS_SEARCH_USER_PATHS = NO;
				CLANG_CXX_LANGUAGE_STANDARD = "gnu++0x";
				CLANG_CXX_LIBRARY = "libc++";
				CLANG_ENABLE_MODULES = YES;
				CLANG_ENABLE_OBJC_ARC = YES;
				CLANG_WARN_BOOL_CONVERSION = YES;
				CLANG_WARN_CONSTANT_CONVERSION = YES;
				CLANG_WARN_DIRECT_OBJC_ISA_USAGE = YES_ERROR;
				CLANG_WARN_EMPTY_BODY = YES;
				CLANG_WARN_ENUM_CONVERSION = YES;
				CLANG_WARN_INT_CONVERSION = YES;
				CLANG_WARN_OBJC_ROOT_CLASS = YES_ERROR;
				CLANG_WARN_UNREACHABLE_CODE = YES;
				CLANG_WARN__DUPLICATE_METHOD_MATCH = YES;
				"CODE_SIGN_IDENTITY[sdk=iphoneos*]" = "iPhone Developer";
				COPY_PHASE_STRIP = YES;
				ENABLE_NS_ASSERTIONS = NO;
				ENABLE_STRICT_OBJC_MSGSEND = YES;
				GCC_C_LANGUAGE_STANDARD = gnu99;
				GCC_WARN_64_TO_32_BIT_CONVERSION = YES;
				GCC_WARN_ABOUT_RETURN_TYPE = YES_ERROR;
				GCC_WARN_UNDECLARED_SELECTOR = YES;
				GCC_WARN_UNINITIALIZED_AUTOS = YES_AGGRESSIVE;
				GCC_WARN_UNUSED_FUNCTION = YES;
				GCC_WARN_UNUSED_VARIABLE = YES;
				IPHONEOS_DEPLOYMENT_TARGET = 8.1;
				MTL_ENABLE_DEBUG_INFO = NO;
				SDKROOT = iphoneos;
				TARGETED_DEVICE_FAMILY = "1,2";
				VALIDATE_PRODUCT = YES;
			};
			name = Release;
		};
		9618F3011A152007000F3951 /* Debug */ = {
			isa = XCBuildConfiguration;
			buildSettings = {
				ASSETCATALOG_COMPILER_APPICON_NAME = AppIcon;
				INFOPLIST_FILE = SlotMachine/Info.plist;
				LD_RUNPATH_SEARCH_PATHS = "$(inherited) @executable_path/Frameworks";
				PRODUCT_NAME = "$(TARGET_NAME)";
			};
			name = Debug;
		};
		9618F3021A152007000F3951 /* Release */ = {
			isa = XCBuildConfiguration;
			buildSettings = {
				ASSETCATALOG_COMPILER_APPICON_NAME = AppIcon;
				INFOPLIST_FILE = SlotMachine/Info.plist;
				LD_RUNPATH_SEARCH_PATHS = "$(inherited) @executable_path/Frameworks";
				PRODUCT_NAME = "$(TARGET_NAME)";
			};
			name = Release;
		};
		9618F3041A152007000F3951 /* Debug */ = {
			isa = XCBuildConfiguration;
			buildSettings = {
				BUNDLE_LOADER = "$(TEST_HOST)";
				FRAMEWORK_SEARCH_PATHS = (
					"$(SDKROOT)/Developer/Library/Frameworks",
					"$(inherited)",
				);
				GCC_PREPROCESSOR_DEFINITIONS = (
					"DEBUG=1",
					"$(inherited)",
				);
				INFOPLIST_FILE = SlotMachineTests/Info.plist;
				LD_RUNPATH_SEARCH_PATHS = "$(inherited) @executable_path/Frameworks @loader_path/Frameworks";
				PRODUCT_NAME = "$(TARGET_NAME)";
				TEST_HOST = "$(BUILT_PRODUCTS_DIR)/SlotMachine.app/SlotMachine";
			};
			name = Debug;
		};
		9618F3051A152007000F3951 /* Release */ = {
			isa = XCBuildConfiguration;
			buildSettings = {
				BUNDLE_LOADER = "$(TEST_HOST)";
				FRAMEWORK_SEARCH_PATHS = (
					"$(SDKROOT)/Developer/Library/Frameworks",
					"$(inherited)",
				);
				INFOPLIST_FILE = SlotMachineTests/Info.plist;
				LD_RUNPATH_SEARCH_PATHS = "$(inherited) @executable_path/Frameworks @loader_path/Frameworks";
				PRODUCT_NAME = "$(TARGET_NAME)";
				TEST_HOST = "$(BUILT_PRODUCTS_DIR)/SlotMachine.app/SlotMachine";
			};
			name = Release;
		};
/* End XCBuildConfiguration section */

/* Begin XCConfigurationList section */
		9618F2DC1A152007000F3951 /* Build configuration list for PBXProject "SlotMachine" */ = {
			isa = XCConfigurationList;
			buildConfigurations = (
				9618F2FE1A152007000F3951 /* Debug */,
				9618F2FF1A152007000F3951 /* Release */,
			);
			defaultConfigurationIsVisible = 0;
			defaultConfigurationName = Release;
		};
		9618F3001A152007000F3951 /* Build configuration list for PBXNativeTarget "SlotMachine" */ = {
			isa = XCConfigurationList;
			buildConfigurations = (
				9618F3011A152007000F3951 /* Debug */,
				9618F3021A152007000F3951 /* Release */,
			);
			defaultConfigurationIsVisible = 0;
			defaultConfigurationName = Release;
		};
		9618F3031A152007000F3951 /* Build configuration list for PBXNativeTarget "SlotMachineTests" */ = {
			isa = XCConfigurationList;
			buildConfigurations = (
				9618F3041A152007000F3951 /* Debug */,
				9618F3051A152007000F3951 /* Release */,
			);
			defaultConfigurationIsVisible = 0;
			defaultConfigurationName = Release;
		};
/* End XCConfigurationList section */
	};
	rootObject = 9618F2D91A152007000F3951 /* Project object */;
}
